
Microsoft Visual Studio Solution File, Format Version 12.00
# Visual Studio Version 17
VisualStudioVersion = 17.4.33213.308
MinimumVisualStudioVersion = 10.0.40219.1
Project("{9A19103F-16F7-4668-BE54-9A1E7A4F7556}") = "CarClassLibrary", "Obli1AnnSofie\CarClassLibrary.csproj", "{E51D8159-31B9-4735-9D0C-650A98909ACC}"
EndProject
Project("{9A19103F-16F7-4668-BE54-9A1E7A4F7556}") = "CarClassLibraryTests", "Obli1AnnSofieTests\CarClassLibraryTests.csproj", "{B0807FCA-A99A-458C-9A5D-4555109F9470}"
EndProject
Global
	GlobalSection(SolutionConfigurationPlatforms) = preSolution
		Debug|Any CPU = Debug|Any CPU
		Release|Any CPU = Release|Any CPU
	EndGlobalSection
	GlobalSection(ProjectConfigurationPlatforms) = postSolution
		{E51D8159-31B9-4735-9D0C-650A98909ACC}.Debug|Any CPU.ActiveCfg = Debug|Any CPU
		{E51D8159-31B9-4735-9D0C-650A98909ACC}.Debug|Any CPU.Build.0 = Debug|Any CPU
		{E51D8159-31B9-4735-9D0C-650A98909ACC}.Release|Any CPU.ActiveCfg = Release|Any CPU
		{E51D8159-31B9-4735-9D0C-650A98909ACC}.Release|Any CPU.Build.0 = Release|Any CPU
		{B0807FCA-A99A-458C-9A5D-4555109F9470}.Debug|Any CPU.ActiveCfg = Debug|Any CPU
		{B0807FCA-A99A-458C-9A5D-4555109F9470}.Debug|Any CPU.Build.0 = Debug|Any CPU
		{B0807FCA-A99A-458C-9A5D-4555109F9470}.Release|Any CPU.ActiveCfg = Release|Any CPU
		{B0807FCA-A99A-458C-9A5D-4555109F9470}.Release|Any CPU.Build.0 = Release|Any CPU
	EndGlobalSection
	GlobalSection(SolutionProperties) = preSolution
		HideSolutionNode = FALSE
	EndGlobalSection
	GlobalSection(ExtensibilityGlobals) = postSolution
		SolutionGuid = {31D92582-67CF-46CD-8B54-F79DF88A9677}
	EndGlobalSection
EndGlobal
